
Microsoft Visual Studio Solution File, Format Version 12.00
# Visual Studio 2013
VisualStudioVersion = 12.0.40629.0
MinimumVisualStudioVersion = 10.0.40219.1
Project("{FAE04EC0-301F-11D3-BF4B-00C04F79EFBC}") = "PresentationLinkbaseTraversal", "PresentationLinkbaseTraversal.csproj", "{025C0AC7-4D92-4253-A5CB-FFBE5B292A26}"
EndProject
Global
	GlobalSection(SolutionConfigurationPlatforms) = preSolution
		Debug|Any CPU = Debug|Any CPU
		Release|Any CPU = Release|Any CPU
	EndGlobalSection
	GlobalSection(ProjectConfigurationPlatforms) = postSolution
		{025C0AC7-4D92-4253-A5CB-FFBE5B292A26}.Debug|Any CPU.ActiveCfg = Debug|Any CPU
		{025C0AC7-4D92-4253-A5CB-FFBE5B292A26}.Debug|Any CPU.Build.0 = Debug|Any CPU
		{025C0AC7-4D92-4253-A5CB-FFBE5B292A26}.Release|Any CPU.ActiveCfg = Release|Any CPU
		{025C0AC7-4D92-4253-A5CB-FFBE5B292A26}.Release|Any CPU.Build.0 = Release|Any CPU
	EndGlobalSection
	GlobalSection(SolutionProperties) = preSolution
		HideSolutionNode = FALSE
	EndGlobalSection
EndGlobal
