
Microsoft Visual Studio Solution File, Format Version 12.00
# Visual Studio Version 17
VisualStudioVersion = 17.5.002.0
MinimumVisualStudioVersion = 10.0.40219.1
Project("{9A19103F-16F7-4668-BE54-9A1E7A4F7556}") = "Program", "Program.csproj", "{DADA41CB-FBBF-4218-B8F9-1EA4F3AF1FE0}"
EndProject
Global
	GlobalSection(SolutionConfigurationPlatforms) = preSolution
		Debug|x64 = Debug|x64
		Release|x64 = Release|x64
	EndGlobalSection
	GlobalSection(ProjectConfigurationPlatforms) = postSolution
		{DADA41CB-FBBF-4218-B8F9-1EA4F3AF1FE0}.Debug|x64.ActiveCfg = Debug|x64
		{DADA41CB-FBBF-4218-B8F9-1EA4F3AF1FE0}.Debug|x64.Build.0 = Debug|x64
		{DADA41CB-FBBF-4218-B8F9-1EA4F3AF1FE0}.Release|x64.ActiveCfg = Release|x64
		{DADA41CB-FBBF-4218-B8F9-1EA4F3AF1FE0}.Release|x64.Build.0 = Release|x64
	EndGlobalSection
	GlobalSection(SolutionProperties) = preSolution
		HideSolutionNode = FALSE
	EndGlobalSection
	GlobalSection(ExtensibilityGlobals) = postSolution
		SolutionGuid = {29FA6A47-9512-46DF-B50D-A7283D73CF0A}
	EndGlobalSection
EndGlobal
