
Microsoft Visual Studio Solution File, Format Version 12.00
# Visual Studio 2013
VisualStudioVersion = 12.0.40629.0
MinimumVisualStudioVersion = 10.0.40219.1
Project("{FAE04EC0-301F-11D3-BF4B-00C04F79EFBC}") = "FindDuplicateContexts", "FindDuplicateContexts.csproj", "{7BAB8C99-3282-452A-8F05-5DCA7D563C97}"
EndProject
Global
	GlobalSection(SolutionConfigurationPlatforms) = preSolution
		Debug|Any CPU = Debug|Any CPU
		Release|Any CPU = Release|Any CPU
	EndGlobalSection
	GlobalSection(ProjectConfigurationPlatforms) = postSolution
		{7BAB8C99-3282-452A-8F05-5DCA7D563C97}.Debug|Any CPU.ActiveCfg = Debug|Any CPU
		{7BAB8C99-3282-452A-8F05-5DCA7D563C97}.Debug|Any CPU.Build.0 = Debug|Any CPU
		{7BAB8C99-3282-452A-8F05-5DCA7D563C97}.Release|Any CPU.ActiveCfg = Release|Any CPU
		{7BAB8C99-3282-452A-8F05-5DCA7D563C97}.Release|Any CPU.Build.0 = Release|Any CPU
	EndGlobalSection
	GlobalSection(SolutionProperties) = preSolution
		HideSolutionNode = FALSE
	EndGlobalSection
EndGlobal
